
Microsoft Visual Studio Solution File, Format Version 12.00
# Visual Studio Version 17
VisualStudioVersion = 17.9.34701.34
MinimumVisualStudioVersion = 10.0.40219.1
Project("{9A19103F-16F7-4668-BE54-9A1E7A4F7556}") = "Week5LogicalOperators", "Week5LogicalOperators\Week5LogicalOperators.csproj", "{F4C1931D-6934-4ADB-AD8F-9CD64E456760}"
EndProject
Project("{FAE04EC0-301F-11D3-BF4B-00C04F79EFBC}") = "OrOperator", "OrOperator\OrOperator.csproj", "{DF72E8D6-7A94-4C93-9A88-D0C810480421}"
EndProject
Project("{FAE04EC0-301F-11D3-BF4B-00C04F79EFBC}") = "AndRanges", "AndRanges\AndRanges.csproj", "{4C08FC00-34AA-461E-9816-3D2312669DF6}"
EndProject
Global
	GlobalSection(SolutionConfigurationPlatforms) = preSolution
		Debug|Any CPU = Debug|Any CPU
		Release|Any CPU = Release|Any CPU
	EndGlobalSection
	GlobalSection(ProjectConfigurationPlatforms) = postSolution
		{F4C1931D-6934-4ADB-AD8F-9CD64E456760}.Debug|Any CPU.ActiveCfg = Debug|Any CPU
		{F4C1931D-6934-4ADB-AD8F-9CD64E456760}.Debug|Any CPU.Build.0 = Debug|Any CPU
		{F4C1931D-6934-4ADB-AD8F-9CD64E456760}.Release|Any CPU.ActiveCfg = Release|Any CPU
		{F4C1931D-6934-4ADB-AD8F-9CD64E456760}.Release|Any CPU.Build.0 = Release|Any CPU
		{DF72E8D6-7A94-4C93-9A88-D0C810480421}.Debug|Any CPU.ActiveCfg = Debug|Any CPU
		{DF72E8D6-7A94-4C93-9A88-D0C810480421}.Debug|Any CPU.Build.0 = Debug|Any CPU
		{DF72E8D6-7A94-4C93-9A88-D0C810480421}.Release|Any CPU.ActiveCfg = Release|Any CPU
		{DF72E8D6-7A94-4C93-9A88-D0C810480421}.Release|Any CPU.Build.0 = Release|Any CPU
		{4C08FC00-34AA-461E-9816-3D2312669DF6}.Debug|Any CPU.ActiveCfg = Debug|Any CPU
		{4C08FC00-34AA-461E-9816-3D2312669DF6}.Debug|Any CPU.Build.0 = Debug|Any CPU
		{4C08FC00-34AA-461E-9816-3D2312669DF6}.Release|Any CPU.ActiveCfg = Release|Any CPU
		{4C08FC00-34AA-461E-9816-3D2312669DF6}.Release|Any CPU.Build.0 = Release|Any CPU
	EndGlobalSection
	GlobalSection(SolutionProperties) = preSolution
		HideSolutionNode = FALSE
	EndGlobalSection
	GlobalSection(ExtensibilityGlobals) = postSolution
		SolutionGuid = {C4B0F83A-C318-4E6B-8D05-39468AD89FD9}
	EndGlobalSection
EndGlobal
